
Microsoft Visual Studio Solution File, Format Version 12.00
# Visual Studio 15
VisualStudioVersion = 15.0.26730.15
MinimumVisualStudioVersion = 10.0.40219.1
Project("{8BC9CEB8-8B4A-11D0-8D11-00A0C91BC942}") = "SDL_Game", "SDL_Game.vcxproj", "{A8A2B21A-E5C1-490B-8ABC-457FAB22AED0}"
EndProject
Global
	GlobalSection(SolutionConfigurationPlatforms) = preSolution
		Debug|x64 = Debug|x64
		Debug|x86 = Debug|x86
		Release|x64 = Release|x64
		Release|x86 = Release|x86
	EndGlobalSection
	GlobalSection(ProjectConfigurationPlatforms) = postSolution
		{A8A2B21A-E5C1-490B-8ABC-457FAB22AED0}.Debug|x64.ActiveCfg = Debug|x64
		{A8A2B21A-E5C1-490B-8ABC-457FAB22AED0}.Debug|x64.Build.0 = Debug|x64
		{A8A2B21A-E5C1-490B-8ABC-457FAB22AED0}.Debug|x86.ActiveCfg = Debug|Win32
		{A8A2B21A-E5C1-490B-8ABC-457FAB22AED0}.Debug|x86.Build.0 = Debug|Win32
		{A8A2B21A-E5C1-490B-8ABC-457FAB22AED0}.Release|x64.ActiveCfg = Release|x64
		{A8A2B21A-E5C1-490B-8ABC-457FAB22AED0}.Release|x64.Build.0 = Release|x64
		{A8A2B21A-E5C1-490B-8ABC-457FAB22AED0}.Release|x86.ActiveCfg = Release|Win32
		{A8A2B21A-E5C1-490B-8ABC-457FAB22AED0}.Release|x86.Build.0 = Release|Win32
	EndGlobalSection
	GlobalSection(SolutionProperties) = preSolution
		HideSolutionNode = FALSE
	EndGlobalSection
	GlobalSection(ExtensibilityGlobals) = postSolution
		SolutionGuid = {A864A157-5368-40AD-BD48-390688DBE783}
	EndGlobalSection
EndGlobal
